
Microsoft Visual Studio Solution File, Format Version 12.00
# Visual Studio Version 16
VisualStudioVersion = 16.0.31321.278
MinimumVisualStudioVersion = 10.0.40219.1
Project("{FAE04EC0-301F-11D3-BF4B-00C04F79EFBC}") = "WinApp", "WinApp\WinApp.csproj", "{389F32B7-8C5C-418F-BE47-118BAA917330}"
EndProject
Project("{FAE04EC0-301F-11D3-BF4B-00C04F79EFBC}") = "Servicios", "Servicios\Servicios.csproj", "{C4518413-0113-4365-B977-6A5549A5C86B}"
EndProject
Project("{FAE04EC0-301F-11D3-BF4B-00C04F79EFBC}") = "BLL", "BLL\BLL.csproj", "{CFFEBBF0-1F13-45AD-860D-B09B0190FF64}"
EndProject
Project("{FAE04EC0-301F-11D3-BF4B-00C04F79EFBC}") = "DAL", "DAL\DAL.csproj", "{9D8FC7F7-38B4-4DD9-8950-54B728317B91}"
EndProject
Project("{FAE04EC0-301F-11D3-BF4B-00C04F79EFBC}") = "Dominio", "Dominio\Dominio.csproj", "{5157A277-B509-4094-B0A5-2DE3460B0AFD}"
EndProject
Project("{FAE04EC0-301F-11D3-BF4B-00C04F79EFBC}") = "ConsoleApp", "ConsoleApp\ConsoleApp.csproj", "{73743B5C-989E-4D4A-B387-3D6DB4AB5094}"
EndProject
Global
	GlobalSection(SolutionConfigurationPlatforms) = preSolution
		Debug|Any CPU = Debug|Any CPU
		Release|Any CPU = Release|Any CPU
	EndGlobalSection
	GlobalSection(ProjectConfigurationPlatforms) = postSolution
		{389F32B7-8C5C-418F-BE47-118BAA917330}.Debug|Any CPU.ActiveCfg = Debug|Any CPU
		{389F32B7-8C5C-418F-BE47-118BAA917330}.Debug|Any CPU.Build.0 = Debug|Any CPU
		{389F32B7-8C5C-418F-BE47-118BAA917330}.Release|Any CPU.ActiveCfg = Release|Any CPU
		{389F32B7-8C5C-418F-BE47-118BAA917330}.Release|Any CPU.Build.0 = Release|Any CPU
		{C4518413-0113-4365-B977-6A5549A5C86B}.Debug|Any CPU.ActiveCfg = Debug|Any CPU
		{C4518413-0113-4365-B977-6A5549A5C86B}.Debug|Any CPU.Build.0 = Debug|Any CPU
		{C4518413-0113-4365-B977-6A5549A5C86B}.Release|Any CPU.ActiveCfg = Release|Any CPU
		{C4518413-0113-4365-B977-6A5549A5C86B}.Release|Any CPU.Build.0 = Release|Any CPU
		{CFFEBBF0-1F13-45AD-860D-B09B0190FF64}.Debug|Any CPU.ActiveCfg = Debug|Any CPU
		{CFFEBBF0-1F13-45AD-860D-B09B0190FF64}.Debug|Any CPU.Build.0 = Debug|Any CPU
		{CFFEBBF0-1F13-45AD-860D-B09B0190FF64}.Release|Any CPU.ActiveCfg = Release|Any CPU
		{CFFEBBF0-1F13-45AD-860D-B09B0190FF64}.Release|Any CPU.Build.0 = Release|Any CPU
		{9D8FC7F7-38B4-4DD9-8950-54B728317B91}.Debug|Any CPU.ActiveCfg = Debug|Any CPU
		{9D8FC7F7-38B4-4DD9-8950-54B728317B91}.Debug|Any CPU.Build.0 = Debug|Any CPU
		{9D8FC7F7-38B4-4DD9-8950-54B728317B91}.Release|Any CPU.ActiveCfg = Release|Any CPU
		{9D8FC7F7-38B4-4DD9-8950-54B728317B91}.Release|Any CPU.Build.0 = Release|Any CPU
		{5157A277-B509-4094-B0A5-2DE3460B0AFD}.Debug|Any CPU.ActiveCfg = Debug|Any CPU
		{5157A277-B509-4094-B0A5-2DE3460B0AFD}.Debug|Any CPU.Build.0 = Debug|Any CPU
		{5157A277-B509-4094-B0A5-2DE3460B0AFD}.Release|Any CPU.ActiveCfg = Release|Any CPU
		{5157A277-B509-4094-B0A5-2DE3460B0AFD}.Release|Any CPU.Build.0 = Release|Any CPU
		{73743B5C-989E-4D4A-B387-3D6DB4AB5094}.Debug|Any CPU.ActiveCfg = Debug|Any CPU
		{73743B5C-989E-4D4A-B387-3D6DB4AB5094}.Debug|Any CPU.Build.0 = Debug|Any CPU
		{73743B5C-989E-4D4A-B387-3D6DB4AB5094}.Release|Any CPU.ActiveCfg = Release|Any CPU
		{73743B5C-989E-4D4A-B387-3D6DB4AB5094}.Release|Any CPU.Build.0 = Release|Any CPU
	EndGlobalSection
	GlobalSection(SolutionProperties) = preSolution
		HideSolutionNode = FALSE
	EndGlobalSection
	GlobalSection(ExtensibilityGlobals) = postSolution
		SolutionGuid = {DFCE34FB-644D-4138-BB7B-EDFD470A8547}
	EndGlobalSection
EndGlobal
